// !$*UTF8*$!
{
	archiveVersion = 1;
	classes = {
	};
	objectVersion = 77;
	objects = {

/* Begin PBXBuildFile section */
		0503880DB4A59569EDF6228D /* GameRecordTests.swift in Sources */ = {isa = PBXBuildFile; fileRef = C134C21FC5D9E562E33D0015 /* GameRecordTests.swift */; };
		0CED486E3440A4387B0C4292 /* RootView.swift in Sources */ = {isa = PBXBuildFile; fileRef = B3B26FD85C282E5FCFDB9A3C /* RootView.swift */; };
		0D39B083CA933D33F7E6D690 /* ChessCoachTests.swift in Sources */ = {isa = PBXBuildFile; fileRef = B8C29BA1613ECAC66CAEBEA6 /* ChessCoachTests.swift */; };
		125B44AE54D72D2E6AE1FD31 /* ModelDownloadView.swift in Sources */ = {isa = PBXBuildFile; fileRef = A696C0CD6E1EC1307317C039 /* ModelDownloadView.swift */; };
		237DC9FAB53BFFE6ACE42892 /* ModelDownloadManager.swift in Sources */ = {isa = PBXBuildFile; fileRef = FDCF7DBF923BEAF476573AFA /* ModelDownloadManager.swift */; };
		2501152934494ABA9CB9728B /* Extensions.swift in Sources */ = {isa = PBXBuildFile; fileRef = 1E87DA00CBC6615786935055 /* Extensions.swift */; };
		25E05AAF43E8FC090756DBDA /* GameViewModel.swift in Sources */ = {isa = PBXBuildFile; fileRef = 4D50BF4D9A01368FD2718B91 /* GameViewModel.swift */; };
		433A758A15270129B9A78B2D /* CoachingEngine.swift in Sources */ = {isa = PBXBuildFile; fileRef = B599F4D97E9BB3F817EB8BDA /* CoachingEngine.swift */; };
		4791B3D67103FDC1E97917A5 /* ChessCoachApp.swift in Sources */ = {isa = PBXBuildFile; fileRef = 7318AC6B628EC41D9212CB06 /* ChessCoachApp.swift */; };
		4FE3EEB44DEA0478C9BC76C3 /* FENUtilities.swift in Sources */ = {isa = PBXBuildFile; fileRef = 8EADC0257F6CF887FD2F8FD8 /* FENUtilities.swift */; };
		510B9F684A9AEF816E3FC237 /* GameControlsView.swift in Sources */ = {isa = PBXBuildFile; fileRef = 4ECD619AD8571FD13D482E06 /* GameControlsView.swift */; };
		52D6C103228BC322728622FB /* ChessboardKit in Frameworks */ = {isa = PBXBuildFile; productRef = 9FA5F592C8FD6F4A9575D198 /* ChessboardKit */; };
		640D179701B981BD6EF434A3 /* CoachMessageView.swift in Sources */ = {isa = PBXBuildFile; fileRef = C1B14A2833609D8930E05E43 /* CoachMessageView.swift */; };
		6D733D57B57794E718981EA1 /* SetupViewModel.swift in Sources */ = {isa = PBXBuildFile; fileRef = D181D271F7644963FDF915FE /* SetupViewModel.swift */; };
		78CDB4486285C61CD99D6951 /* LocalLLMClientLlama in Frameworks */ = {isa = PBXBuildFile; productRef = B5A9CA8E635593EDD3F77874 /* LocalLLMClientLlama */; };
		793BD46D03D4713FDF90394C /* PlayerProfileTests.swift in Sources */ = {isa = PBXBuildFile; fileRef = E8D84F680D2B7EF63E853CB7 /* PlayerProfileTests.swift */; };
		7A10770A76B10874BFF0BB01 /* BoardContainerView.swift in Sources */ = {isa = PBXBuildFile; fileRef = 9ECA21C7E7B5ECD5BDEF1DAF /* BoardContainerView.swift */; };
		8581ED38CF70CD1C1FAB997F /* GameRecord.swift in Sources */ = {isa = PBXBuildFile; fileRef = A4A22573445764837E4F0CF6 /* GameRecord.swift */; };
		8DB20C8C46834CCCBFC5C346 /* CoachMessage.swift in Sources */ = {isa = PBXBuildFile; fileRef = 6E7A05A63AA9E290568333DD /* CoachMessage.swift */; };
		9E18AE0238C01FECE2540CE3 /* CoachPanelView.swift in Sources */ = {isa = PBXBuildFile; fileRef = 3A3A69C57AEAC65FBA1DCF5C /* CoachPanelView.swift */; };
		9EB4371ADA1A86D8631EEDA3 /* ModelPickerView.swift in Sources */ = {isa = PBXBuildFile; fileRef = 7E91AEC62AF8CB415FE6E06F /* ModelPickerView.swift */; };
		AAB594BC1705D2CE8D38858C /* PlayerProfile.swift in Sources */ = {isa = PBXBuildFile; fileRef = D4B99CB07E8962BAB154C3A3 /* PlayerProfile.swift */; };
		AD8586D1FFBD2EBE1F71066D /* GameViewModelTests.swift in Sources */ = {isa = PBXBuildFile; fileRef = 0A0EAE25766EB6BA082BD506 /* GameViewModelTests.swift */; };
		B8BDE196CBBB03200D1EFF2B /* StockfishManager.swift in Sources */ = {isa = PBXBuildFile; fileRef = B0BFA2345E30A364151527F2 /* StockfishManager.swift */; };
		B9AD5EB122024B3717C3F6BE /* SettingsView.swift in Sources */ = {isa = PBXBuildFile; fileRef = 0B10CEA9853D8869F12161BF /* SettingsView.swift */; };
		BD1BB8EBB9DBFEDFA6FCD4A5 /* GameView.swift in Sources */ = {isa = PBXBuildFile; fileRef = 572D28D0A2EFABB8468D4816 /* GameView.swift */; };
		BEC77908FF4BEC5F0246053C /* LLMManager.swift in Sources */ = {isa = PBXBuildFile; fileRef = 96076A4E70788AF9AFDBDBD0 /* LLMManager.swift */; };
		F5C21A8EEB0A71031C0B81DC /* WelcomeView.swift in Sources */ = {isa = PBXBuildFile; fileRef = 919C3BFD81C6801F03D78A0E /* WelcomeView.swift */; };
		F740432C2E15F38855330FC0 /* CoachMessageTests.swift in Sources */ = {isa = PBXBuildFile; fileRef = 515874C62EEFDF3B8CCA51C1 /* CoachMessageTests.swift */; };
/* End PBXBuildFile section */

/* Begin PBXContainerItemProxy section */
		B2B4CE472F3E3A559498B802 /* PBXContainerItemProxy */ = {
			isa = PBXContainerItemProxy;
			containerPortal = 124564DE0AA899BA2835163C /* Project object */;
			proxyType = 1;
			remoteGlobalIDString = BA14DCA1A643C0DE9CFC6D23;
			remoteInfo = ChessCoach;
		};
/* End PBXContainerItemProxy section */

/* Begin PBXFileReference section */
		0A0EAE25766EB6BA082BD506 /* GameViewModelTests.swift */ = {isa = PBXFileReference; lastKnownFileType = sourcecode.swift; path = GameViewModelTests.swift; sourceTree = "<group>"; };
		0B10CEA9853D8869F12161BF /* SettingsView.swift */ = {isa = PBXFileReference; lastKnownFileType = sourcecode.swift; path = SettingsView.swift; sourceTree = "<group>"; };
		0BE47C283306010AD3714926 /* ChessCoachTests.xctest */ = {isa = PBXFileReference; explicitFileType = wrapper.cfbundle; includeInIndex = 0; path = ChessCoachTests.xctest; sourceTree = BUILT_PRODUCTS_DIR; };
		1E87DA00CBC6615786935055 /* Extensions.swift */ = {isa = PBXFileReference; lastKnownFileType = sourcecode.swift; path = Extensions.swift; sourceTree = "<group>"; };
		3A3A69C57AEAC65FBA1DCF5C /* CoachPanelView.swift */ = {isa = PBXFileReference; lastKnownFileType = sourcecode.swift; path = CoachPanelView.swift; sourceTree = "<group>"; };
		47B4D6B1D1D2DED386DADE32 /* stockfish */ = {isa = PBXFileReference; path = stockfish; sourceTree = "<group>"; };
		4D50BF4D9A01368FD2718B91 /* GameViewModel.swift */ = {isa = PBXFileReference; lastKnownFileType = sourcecode.swift; path = GameViewModel.swift; sourceTree = "<group>"; };
		4ECD619AD8571FD13D482E06 /* GameControlsView.swift */ = {isa = PBXFileReference; lastKnownFileType = sourcecode.swift; path = GameControlsView.swift; sourceTree = "<group>"; };
		515874C62EEFDF3B8CCA51C1 /* CoachMessageTests.swift */ = {isa = PBXFileReference; lastKnownFileType = sourcecode.swift; path = CoachMessageTests.swift; sourceTree = "<group>"; };
		572D28D0A2EFABB8468D4816 /* GameView.swift */ = {isa = PBXFileReference; lastKnownFileType = sourcecode.swift; path = GameView.swift; sourceTree = "<group>"; };
		6E7A05A63AA9E290568333DD /* CoachMessage.swift */ = {isa = PBXFileReference; lastKnownFileType = sourcecode.swift; path = CoachMessage.swift; sourceTree = "<group>"; };
		7318AC6B628EC41D9212CB06 /* ChessCoachApp.swift */ = {isa = PBXFileReference; lastKnownFileType = sourcecode.swift; path = ChessCoachApp.swift; sourceTree = "<group>"; };
		7E91AEC62AF8CB415FE6E06F /* ModelPickerView.swift */ = {isa = PBXFileReference; lastKnownFileType = sourcecode.swift; path = ModelPickerView.swift; sourceTree = "<group>"; };
		8EADC0257F6CF887FD2F8FD8 /* FENUtilities.swift */ = {isa = PBXFileReference; lastKnownFileType = sourcecode.swift; path = FENUtilities.swift; sourceTree = "<group>"; };
		919C3BFD81C6801F03D78A0E /* WelcomeView.swift */ = {isa = PBXFileReference; lastKnownFileType = sourcecode.swift; path = WelcomeView.swift; sourceTree = "<group>"; };
		96076A4E70788AF9AFDBDBD0 /* LLMManager.swift */ = {isa = PBXFileReference; lastKnownFileType = sourcecode.swift; path = LLMManager.swift; sourceTree = "<group>"; };
		9ECA21C7E7B5ECD5BDEF1DAF /* BoardContainerView.swift */ = {isa = PBXFileReference; lastKnownFileType = sourcecode.swift; path = BoardContainerView.swift; sourceTree = "<group>"; };
		A4A22573445764837E4F0CF6 /* GameRecord.swift */ = {isa = PBXFileReference; lastKnownFileType = sourcecode.swift; path = GameRecord.swift; sourceTree = "<group>"; };
		A696C0CD6E1EC1307317C039 /* ModelDownloadView.swift */ = {isa = PBXFileReference; lastKnownFileType = sourcecode.swift; path = ModelDownloadView.swift; sourceTree = "<group>"; };
		B0BFA2345E30A364151527F2 /* StockfishManager.swift */ = {isa = PBXFileReference; lastKnownFileType = sourcecode.swift; path = StockfishManager.swift; sourceTree = "<group>"; };
		B3B26FD85C282E5FCFDB9A3C /* RootView.swift */ = {isa = PBXFileReference; lastKnownFileType = sourcecode.swift; path = RootView.swift; sourceTree = "<group>"; };
		B599F4D97E9BB3F817EB8BDA /* CoachingEngine.swift */ = {isa = PBXFileReference; lastKnownFileType = sourcecode.swift; path = CoachingEngine.swift; sourceTree = "<group>"; };
		B8C29BA1613ECAC66CAEBEA6 /* ChessCoachTests.swift */ = {isa = PBXFileReference; lastKnownFileType = sourcecode.swift; path = ChessCoachTests.swift; sourceTree = "<group>"; };
		C134C21FC5D9E562E33D0015 /* GameRecordTests.swift */ = {isa = PBXFileReference; lastKnownFileType = sourcecode.swift; path = GameRecordTests.swift; sourceTree = "<group>"; };
		C1B14A2833609D8930E05E43 /* CoachMessageView.swift */ = {isa = PBXFileReference; lastKnownFileType = sourcecode.swift; path = CoachMessageView.swift; sourceTree = "<group>"; };
		D181D271F7644963FDF915FE /* SetupViewModel.swift */ = {isa = PBXFileReference; lastKnownFileType = sourcecode.swift; path = SetupViewModel.swift; sourceTree = "<group>"; };
		D4B99CB07E8962BAB154C3A3 /* PlayerProfile.swift */ = {isa = PBXFileReference; lastKnownFileType = sourcecode.swift; path = PlayerProfile.swift; sourceTree = "<group>"; };
		E028FD7831DF9F7DCA8CD8A2 /* ChessCoach.app */ = {isa = PBXFileReference; explicitFileType = wrapper.application; includeInIndex = 0; path = ChessCoach.app; sourceTree = BUILT_PRODUCTS_DIR; };
		E1EA40C0636A552C61CF56C5 /* ChessCoach.entitlements */ = {isa = PBXFileReference; lastKnownFileType = text.plist.entitlements; path = ChessCoach.entitlements; sourceTree = "<group>"; };
		E8D84F680D2B7EF63E853CB7 /* PlayerProfileTests.swift */ = {isa = PBXFileReference; lastKnownFileType = sourcecode.swift; path = PlayerProfileTests.swift; sourceTree = "<group>"; };
		E9E443262DA235F2ADB003D9 /* ChessCoach-Direct.entitlements */ = {isa = PBXFileReference; lastKnownFileType = text.plist.entitlements; path = "ChessCoach-Direct.entitlements"; sourceTree = "<group>"; };
		FDCF7DBF923BEAF476573AFA /* ModelDownloadManager.swift */ = {isa = PBXFileReference; lastKnownFileType = sourcecode.swift; path = ModelDownloadManager.swift; sourceTree = "<group>"; };
/* End PBXFileReference section */

/* Begin PBXFrameworksBuildPhase section */
		E17F0EA6986CACEFD6C4A82E /* Frameworks */ = {
			isa = PBXFrameworksBuildPhase;
			buildActionMask = 2147483647;
			files = (
				52D6C103228BC322728622FB /* ChessboardKit in Frameworks */,
				78CDB4486285C61CD99D6951 /* LocalLLMClientLlama in Frameworks */,
			);
			runOnlyForDeploymentPostprocessing = 0;
		};
/* End PBXFrameworksBuildPhase section */

/* Begin PBXGroup section */
		07F1B110C7E13EAA9C54EBDD /* Utilities */ = {
			isa = PBXGroup;
			children = (
				1E87DA00CBC6615786935055 /* Extensions.swift */,
				8EADC0257F6CF887FD2F8FD8 /* FENUtilities.swift */,
			);
			path = Utilities;
			sourceTree = "<group>";
		};
		107FAD3B9BCA0E6E795B9D8B /* ViewModels */ = {
			isa = PBXGroup;
			children = (
				0A0EAE25766EB6BA082BD506 /* GameViewModelTests.swift */,
			);
			path = ViewModels;
			sourceTree = "<group>";
		};
		11AC94CF52968AE85FBA40A3 = {
			isa = PBXGroup;
			children = (
				AF486D3411E4983948CBA96B /* ChessCoach */,
				9CC7895964F082A0C67E74E0 /* ChessCoachTests */,
				D38E907AD01F15FD1DF2CB08 /* Products */,
			);
			sourceTree = "<group>";
		};
		74F1A30766BC552284FEC95E /* Views */ = {
			isa = PBXGroup;
			children = (
				B3B26FD85C282E5FCFDB9A3C /* RootView.swift */,
				BE580AB962F69FA6F7499FE0 /* Game */,
				BCDEE2CE0554327EF3ECA2E4 /* Settings */,
				F84C4593000431766F6C175A /* Setup */,
			);
			path = Views;
			sourceTree = "<group>";
		};
		770D8201EC0ED5937BD506C7 /* Models */ = {
			isa = PBXGroup;
			children = (
				515874C62EEFDF3B8CCA51C1 /* CoachMessageTests.swift */,
				C134C21FC5D9E562E33D0015 /* GameRecordTests.swift */,
				E8D84F680D2B7EF63E853CB7 /* PlayerProfileTests.swift */,
			);
			path = Models;
			sourceTree = "<group>";
		};
		7C38B364949C78ED746C7DE5 /* Models */ = {
			isa = PBXGroup;
			children = (
				6E7A05A63AA9E290568333DD /* CoachMessage.swift */,
				A4A22573445764837E4F0CF6 /* GameRecord.swift */,
				D4B99CB07E8962BAB154C3A3 /* PlayerProfile.swift */,
			);
			path = Models;
			sourceTree = "<group>";
		};
		9CC7895964F082A0C67E74E0 /* ChessCoachTests */ = {
			isa = PBXGroup;
			children = (
				B8C29BA1613ECAC66CAEBEA6 /* ChessCoachTests.swift */,
				770D8201EC0ED5937BD506C7 /* Models */,
				107FAD3B9BCA0E6E795B9D8B /* ViewModels */,
			);
			path = ChessCoachTests;
			sourceTree = "<group>";
		};
		AF486D3411E4983948CBA96B /* ChessCoach */ = {
			isa = PBXGroup;
			children = (
				E9E443262DA235F2ADB003D9 /* ChessCoach-Direct.entitlements */,
				E1EA40C0636A552C61CF56C5 /* ChessCoach.entitlements */,
				7318AC6B628EC41D9212CB06 /* ChessCoachApp.swift */,
				DFA48EC306124685DAB01859 /* Managers */,
				7C38B364949C78ED746C7DE5 /* Models */,
				E3A569EB3DC49F2DD16440BF /* Resources */,
				07F1B110C7E13EAA9C54EBDD /* Utilities */,
				DB8500AB472D2F6A13B5D91C /* ViewModels */,
				74F1A30766BC552284FEC95E /* Views */,
			);
			path = ChessCoach;
			sourceTree = "<group>";
		};
		BCDEE2CE0554327EF3ECA2E4 /* Settings */ = {
			isa = PBXGroup;
			children = (
				0B10CEA9853D8869F12161BF /* SettingsView.swift */,
			);
			path = Settings;
			sourceTree = "<group>";
		};
		BE580AB962F69FA6F7499FE0 /* Game */ = {
			isa = PBXGroup;
			children = (
				9ECA21C7E7B5ECD5BDEF1DAF /* BoardContainerView.swift */,
				C1B14A2833609D8930E05E43 /* CoachMessageView.swift */,
				3A3A69C57AEAC65FBA1DCF5C /* CoachPanelView.swift */,
				4ECD619AD8571FD13D482E06 /* GameControlsView.swift */,
				572D28D0A2EFABB8468D4816 /* GameView.swift */,
			);
			path = Game;
			sourceTree = "<group>";
		};
		D38E907AD01F15FD1DF2CB08 /* Products */ = {
			isa = PBXGroup;
			children = (
				E028FD7831DF9F7DCA8CD8A2 /* ChessCoach.app */,
				0BE47C283306010AD3714926 /* ChessCoachTests.xctest */,
			);
			name = Products;
			sourceTree = "<group>";
		};
		DB8500AB472D2F6A13B5D91C /* ViewModels */ = {
			isa = PBXGroup;
			children = (
				4D50BF4D9A01368FD2718B91 /* GameViewModel.swift */,
				D181D271F7644963FDF915FE /* SetupViewModel.swift */,
			);
			path = ViewModels;
			sourceTree = "<group>";
		};
		DFA48EC306124685DAB01859 /* Managers */ = {
			isa = PBXGroup;
			children = (
				B599F4D97E9BB3F817EB8BDA /* CoachingEngine.swift */,
				96076A4E70788AF9AFDBDBD0 /* LLMManager.swift */,
				FDCF7DBF923BEAF476573AFA /* ModelDownloadManager.swift */,
				B0BFA2345E30A364151527F2 /* StockfishManager.swift */,
			);
			path = Managers;
			sourceTree = "<group>";
		};
		E3A569EB3DC49F2DD16440BF /* Resources */ = {
			isa = PBXGroup;
			children = (
				F78055F8C269DDB8A7AF17B0 /* Engines */,
			);
			path = Resources;
			sourceTree = "<group>";
		};
		F78055F8C269DDB8A7AF17B0 /* Engines */ = {
			isa = PBXGroup;
			children = (
				47B4D6B1D1D2DED386DADE32 /* stockfish */,
			);
			path = Engines;
			sourceTree = "<group>";
		};
		F84C4593000431766F6C175A /* Setup */ = {
			isa = PBXGroup;
			children = (
				A696C0CD6E1EC1307317C039 /* ModelDownloadView.swift */,
				7E91AEC62AF8CB415FE6E06F /* ModelPickerView.swift */,
				919C3BFD81C6801F03D78A0E /* WelcomeView.swift */,
			);
			path = Setup;
			sourceTree = "<group>";
		};
/* End PBXGroup section */

/* Begin PBXNativeTarget section */
		AED8AE61759AD2E1AB317C45 /* ChessCoachTests */ = {
			isa = PBXNativeTarget;
			buildConfigurationList = 8CD494B2DAB0A591B1D3D6FB /* Build configuration list for PBXNativeTarget "ChessCoachTests" */;
			buildPhases = (
				30B04E21FE9D8C436203033C /* Sources */,
			);
			buildRules = (
			);
			dependencies = (
				5995D8D58DC2873D10B4E7EF /* PBXTargetDependency */,
			);
			name = ChessCoachTests;
			packageProductDependencies = (
			);
			productName = ChessCoachTests;
			productReference = 0BE47C283306010AD3714926 /* ChessCoachTests.xctest */;
			productType = "com.apple.product-type.bundle.unit-test";
		};
		BA14DCA1A643C0DE9CFC6D23 /* ChessCoach */ = {
			isa = PBXNativeTarget;
			buildConfigurationList = B9E5EF9F12183D683BDF2504 /* Build configuration list for PBXNativeTarget "ChessCoach" */;
			buildPhases = (
				F6A611E550E2CB08E5029BAC /* Copy Stockfish Engine */,
				D20E7B28A246B7B302A73CD0 /* Sources */,
				E17F0EA6986CACEFD6C4A82E /* Frameworks */,
			);
			buildRules = (
			);
			dependencies = (
			);
			name = ChessCoach;
			packageProductDependencies = (
				9FA5F592C8FD6F4A9575D198 /* ChessboardKit */,
				B5A9CA8E635593EDD3F77874 /* LocalLLMClientLlama */,
			);
			productName = ChessCoach;
			productReference = E028FD7831DF9F7DCA8CD8A2 /* ChessCoach.app */;
			productType = "com.apple.product-type.application";
		};
/* End PBXNativeTarget section */

/* Begin PBXProject section */
		124564DE0AA899BA2835163C /* Project object */ = {
			isa = PBXProject;
			attributes = {
				BuildIndependentTargetsInParallel = YES;
				LastUpgradeCheck = 1430;
				TargetAttributes = {
					AED8AE61759AD2E1AB317C45 = {
						ProvisioningStyle = Automatic;
					};
					BA14DCA1A643C0DE9CFC6D23 = {
						DevelopmentTeam = "";
						ProvisioningStyle = Automatic;
					};
				};
			};
			buildConfigurationList = 792EEF84F0934B699A35FA1F /* Build configuration list for PBXProject "ChessCoach" */;
			developmentRegion = en;
			hasScannedForEncodings = 0;
			knownRegions = (
				Base,
				en,
			);
			mainGroup = 11AC94CF52968AE85FBA40A3;
			minimizedProjectReferenceProxies = 1;
			packageReferences = (
				6A7DF53A13955CA410976EE0 /* XCRemoteSwiftPackageReference "ChessboardKit" */,
				87A7E87783B1119BC8CE7418 /* XCRemoteSwiftPackageReference "LocalLLMClient" */,
			);
			preferredProjectObjectVersion = 77;
			productRefGroup = D38E907AD01F15FD1DF2CB08 /* Products */;
			projectDirPath = "";
			projectRoot = "";
			targets = (
				BA14DCA1A643C0DE9CFC6D23 /* ChessCoach */,
				AED8AE61759AD2E1AB317C45 /* ChessCoachTests */,
			);
		};
/* End PBXProject section */

/* Begin PBXShellScriptBuildPhase section */
		F6A611E550E2CB08E5029BAC /* Copy Stockfish Engine */ = {
			isa = PBXShellScriptBuildPhase;
			buildActionMask = 2147483647;
			files = (
			);
			inputFileListPaths = (
			);
			inputPaths = (
			);
			name = "Copy Stockfish Engine";
			outputFileListPaths = (
			);
			outputPaths = (
			);
			runOnlyForDeploymentPostprocessing = 0;
			shellPath = /bin/sh;
			shellScript = "SRC=\"$SRCROOT/ChessCoach/Resources/Engines/stockfish\"\nDST=\"$BUILT_PRODUCTS_DIR/$CONTENTS_FOLDER_PATH/Resources/stockfish\"\nif [ -f \"$SRC\" ]; then\n  cp -f \"$SRC\" \"$DST\"\n  chmod +x \"$DST\"\nelse\n  echo \"warning: Stockfish binary not found at $SRC\"\n  echo \"warning: Run: cp /opt/homebrew/bin/stockfish ChessCoach/Resources/Engines/stockfish\"\nfi\n";
		};
/* End PBXShellScriptBuildPhase section */

/* Begin PBXSourcesBuildPhase section */
		30B04E21FE9D8C436203033C /* Sources */ = {
			isa = PBXSourcesBuildPhase;
			buildActionMask = 2147483647;
			files = (
				0D39B083CA933D33F7E6D690 /* ChessCoachTests.swift in Sources */,
				F740432C2E15F38855330FC0 /* CoachMessageTests.swift in Sources */,
				0503880DB4A59569EDF6228D /* GameRecordTests.swift in Sources */,
				AD8586D1FFBD2EBE1F71066D /* GameViewModelTests.swift in Sources */,
				793BD46D03D4713FDF90394C /* PlayerProfileTests.swift in Sources */,
			);
			runOnlyForDeploymentPostprocessing = 0;
		};
		D20E7B28A246B7B302A73CD0 /* Sources */ = {
			isa = PBXSourcesBuildPhase;
			buildActionMask = 2147483647;
			files = (
				7A10770A76B10874BFF0BB01 /* BoardContainerView.swift in Sources */,
				4791B3D67103FDC1E97917A5 /* ChessCoachApp.swift in Sources */,
				8DB20C8C46834CCCBFC5C346 /* CoachMessage.swift in Sources */,
				640D179701B981BD6EF434A3 /* CoachMessageView.swift in Sources */,
				9E18AE0238C01FECE2540CE3 /* CoachPanelView.swift in Sources */,
				433A758A15270129B9A78B2D /* CoachingEngine.swift in Sources */,
				2501152934494ABA9CB9728B /* Extensions.swift in Sources */,
				4FE3EEB44DEA0478C9BC76C3 /* FENUtilities.swift in Sources */,
				510B9F684A9AEF816E3FC237 /* GameControlsView.swift in Sources */,
				8581ED38CF70CD1C1FAB997F /* GameRecord.swift in Sources */,
				BD1BB8EBB9DBFEDFA6FCD4A5 /* GameView.swift in Sources */,
				25E05AAF43E8FC090756DBDA /* GameViewModel.swift in Sources */,
				BEC77908FF4BEC5F0246053C /* LLMManager.swift in Sources */,
				237DC9FAB53BFFE6ACE42892 /* ModelDownloadManager.swift in Sources */,
				125B44AE54D72D2E6AE1FD31 /* ModelDownloadView.swift in Sources */,
				9EB4371ADA1A86D8631EEDA3 /* ModelPickerView.swift in Sources */,
				AAB594BC1705D2CE8D38858C /* PlayerProfile.swift in Sources */,
				0CED486E3440A4387B0C4292 /* RootView.swift in Sources */,
				B9AD5EB122024B3717C3F6BE /* SettingsView.swift in Sources */,
				6D733D57B57794E718981EA1 /* SetupViewModel.swift in Sources */,
				B8BDE196CBBB03200D1EFF2B /* StockfishManager.swift in Sources */,
				F5C21A8EEB0A71031C0B81DC /* WelcomeView.swift in Sources */,
			);
			runOnlyForDeploymentPostprocessing = 0;
		};
/* End PBXSourcesBuildPhase section */

/* Begin PBXTargetDependency section */
		5995D8D58DC2873D10B4E7EF /* PBXTargetDependency */ = {
			isa = PBXTargetDependency;
			target = BA14DCA1A643C0DE9CFC6D23 /* ChessCoach */;
			targetProxy = B2B4CE472F3E3A559498B802 /* PBXContainerItemProxy */;
		};
/* End PBXTargetDependency section */

/* Begin XCBuildConfiguration section */
		0DC80073ADDE21EE60EBCFF0 /* DirectDownload */ = {
			isa = XCBuildConfiguration;
			buildSettings = {
				ASSETCATALOG_COMPILER_APPICON_NAME = AppIcon;
				CODE_SIGN_ENTITLEMENTS = "ChessCoach/ChessCoach-Direct.entitlements";
				CODE_SIGN_STYLE = Automatic;
				COMBINE_HIDPI_IMAGES = YES;
				DEVELOPMENT_TEAM = "";
				GENERATE_INFOPLIST_FILE = YES;
				LD_RUNPATH_SEARCH_PATHS = (
					"$(inherited)",
					"@executable_path/../Frameworks",
				);
				MACOSX_DEPLOYMENT_TARGET = 26.0;
				PRODUCT_BUNDLE_IDENTIFIER = com.chesscoach.ChessCoach;
				SDKROOT = macosx;
				SWIFT_VERSION = 6.3;
			};
			name = DirectDownload;
		};
		3E5F48593A7F16731A4139E4 /* DirectDownload */ = {
			isa = XCBuildConfiguration;
			buildSettings = {
				ALWAYS_SEARCH_USER_PATHS = NO;
				CLANG_ANALYZER_NONNULL = YES;
				CLANG_ANALYZER_NUMBER_OBJECT_CONVERSION = YES_AGGRESSIVE;
				CLANG_CXX_LANGUAGE_STANDARD = "gnu++14";
				CLANG_CXX_LIBRARY = "libc++";
				CLANG_ENABLE_MODULES = YES;
				CLANG_ENABLE_OBJC_ARC = YES;
				CLANG_ENABLE_OBJC_WEAK = YES;
				CLANG_WARN_BLOCK_CAPTURE_AUTORELEASING = YES;
				CLANG_WARN_BOOL_CONVERSION = YES;
				CLANG_WARN_COMMA = YES;
				CLANG_WARN_CONSTANT_CONVERSION = YES;
				CLANG_WARN_DEPRECATED_OBJC_IMPLEMENTATIONS = YES;
				CLANG_WARN_DIRECT_OBJC_ISA_USAGE = YES_ERROR;
				CLANG_WARN_DOCUMENTATION_COMMENTS = YES;
				CLANG_WARN_EMPTY_BODY = YES;
				CLANG_WARN_ENUM_CONVERSION = YES;
				CLANG_WARN_INFINITE_RECURSION = YES;
				CLANG_WARN_INT_CONVERSION = YES;
				CLANG_WARN_NON_LITERAL_NULL_CONVERSION = YES;
				CLANG_WARN_OBJC_IMPLICIT_RETAIN_SELF = YES;
				CLANG_WARN_OBJC_LITERAL_CONVERSION = YES;
				CLANG_WARN_OBJC_ROOT_CLASS = YES_ERROR;
				CLANG_WARN_QUOTED_INCLUDE_IN_FRAMEWORK_HEADER = YES;
				CLANG_WARN_RANGE_LOOP_ANALYSIS = YES;
				CLANG_WARN_STRICT_PROTOTYPES = YES;
				CLANG_WARN_SUSPICIOUS_MOVE = YES;
				CLANG_WARN_UNGUARDED_AVAILABILITY = YES_AGGRESSIVE;
				CLANG_WARN_UNREACHABLE_CODE = YES;
				CLANG_WARN__DUPLICATE_METHOD_MATCH = YES;
				COPY_PHASE_STRIP = NO;
				DEBUG_INFORMATION_FORMAT = "dwarf-with-dsym";
				ENABLE_NS_ASSERTIONS = NO;
				ENABLE_STRICT_OBJC_MSGSEND = YES;
				GCC_C_LANGUAGE_STANDARD = gnu11;
				GCC_NO_COMMON_BLOCKS = YES;
				GCC_WARN_64_TO_32_BIT_CONVERSION = YES;
				GCC_WARN_ABOUT_RETURN_TYPE = YES_ERROR;
				GCC_WARN_UNDECLARED_SELECTOR = YES;
				GCC_WARN_UNINITIALIZED_AUTOS = YES_AGGRESSIVE;
				GCC_WARN_UNUSED_FUNCTION = YES;
				GCC_WARN_UNUSED_VARIABLE = YES;
				MTL_ENABLE_DEBUG_INFO = NO;
				MTL_FAST_MATH = YES;
				PRODUCT_NAME = "$(TARGET_NAME)";
				SDKROOT = macosx;
				SWIFT_COMPILATION_MODE = wholemodule;
				SWIFT_OPTIMIZATION_LEVEL = "-O";
				SWIFT_VERSION = 5.0;
			};
			name = DirectDownload;
		};
		4565B4F345B8615FA3F20975 /* Debug */ = {
			isa = XCBuildConfiguration;
			buildSettings = {
				ALWAYS_SEARCH_USER_PATHS = NO;
				CLANG_ANALYZER_NONNULL = YES;
				CLANG_ANALYZER_NUMBER_OBJECT_CONVERSION = YES_AGGRESSIVE;
				CLANG_CXX_LANGUAGE_STANDARD = "gnu++14";
				CLANG_CXX_LIBRARY = "libc++";
				CLANG_ENABLE_MODULES = YES;
				CLANG_ENABLE_OBJC_ARC = YES;
				CLANG_ENABLE_OBJC_WEAK = YES;
				CLANG_WARN_BLOCK_CAPTURE_AUTORELEASING = YES;
				CLANG_WARN_BOOL_CONVERSION = YES;
				CLANG_WARN_COMMA = YES;
				CLANG_WARN_CONSTANT_CONVERSION = YES;
				CLANG_WARN_DEPRECATED_OBJC_IMPLEMENTATIONS = YES;
				CLANG_WARN_DIRECT_OBJC_ISA_USAGE = YES_ERROR;
				CLANG_WARN_DOCUMENTATION_COMMENTS = YES;
				CLANG_WARN_EMPTY_BODY = YES;
				CLANG_WARN_ENUM_CONVERSION = YES;
				CLANG_WARN_INFINITE_RECURSION = YES;
				CLANG_WARN_INT_CONVERSION = YES;
				CLANG_WARN_NON_LITERAL_NULL_CONVERSION = YES;
				CLANG_WARN_OBJC_IMPLICIT_RETAIN_SELF = YES;
				CLANG_WARN_OBJC_LITERAL_CONVERSION = YES;
				CLANG_WARN_OBJC_ROOT_CLASS = YES_ERROR;
				CLANG_WARN_QUOTED_INCLUDE_IN_FRAMEWORK_HEADER = YES;
				CLANG_WARN_RANGE_LOOP_ANALYSIS = YES;
				CLANG_WARN_STRICT_PROTOTYPES = YES;
				CLANG_WARN_SUSPICIOUS_MOVE = YES;
				CLANG_WARN_UNGUARDED_AVAILABILITY = YES_AGGRESSIVE;
				CLANG_WARN_UNREACHABLE_CODE = YES;
				CLANG_WARN__DUPLICATE_METHOD_MATCH = YES;
				COPY_PHASE_STRIP = NO;
				DEBUG_INFORMATION_FORMAT = dwarf;
				ENABLE_STRICT_OBJC_MSGSEND = YES;
				ENABLE_TESTABILITY = YES;
				GCC_C_LANGUAGE_STANDARD = gnu11;
				GCC_DYNAMIC_NO_PIC = NO;
				GCC_NO_COMMON_BLOCKS = YES;
				GCC_OPTIMIZATION_LEVEL = 0;
				GCC_PREPROCESSOR_DEFINITIONS = (
					"$(inherited)",
					"DEBUG=1",
				);
				GCC_WARN_64_TO_32_BIT_CONVERSION = YES;
				GCC_WARN_ABOUT_RETURN_TYPE = YES_ERROR;
				GCC_WARN_UNDECLARED_SELECTOR = YES;
				GCC_WARN_UNINITIALIZED_AUTOS = YES_AGGRESSIVE;
				GCC_WARN_UNUSED_FUNCTION = YES;
				GCC_WARN_UNUSED_VARIABLE = YES;
				MTL_ENABLE_DEBUG_INFO = INCLUDE_SOURCE;
				MTL_FAST_MATH = YES;
				ONLY_ACTIVE_ARCH = YES;
				PRODUCT_NAME = "$(TARGET_NAME)";
				SDKROOT = macosx;
				SWIFT_ACTIVE_COMPILATION_CONDITIONS = DEBUG;
				SWIFT_OPTIMIZATION_LEVEL = "-Onone";
				SWIFT_VERSION = 5.0;
			};
			name = Debug;
		};
		4753E59AC0BE3B367E0BC4AE /* AppStore */ = {
			isa = XCBuildConfiguration;
			buildSettings = {
				BUNDLE_LOADER = "$(TEST_HOST)";
				CODE_SIGN_IDENTITY = "-";
				CODE_SIGN_STYLE = Automatic;
				COMBINE_HIDPI_IMAGES = YES;
				GENERATE_INFOPLIST_FILE = YES;
				LD_RUNPATH_SEARCH_PATHS = (
					"$(inherited)",
					"@executable_path/../Frameworks",
					"@loader_path/../Frameworks",
				);
				MACOSX_DEPLOYMENT_TARGET = 26.0;
				PRODUCT_BUNDLE_IDENTIFIER = com.chesscoach.ChessCoachTests;
				SDKROOT = macosx;
				SWIFT_VERSION = 6.3;
				TEST_HOST = "$(BUILT_PRODUCTS_DIR)/ChessCoach.app/Contents/MacOS/ChessCoach";
			};
			name = AppStore;
		};
		545740E36FDF3D1F4F1C2A45 /* Debug */ = {
			isa = XCBuildConfiguration;
			buildSettings = {
				ASSETCATALOG_COMPILER_APPICON_NAME = AppIcon;
				CODE_SIGN_ENTITLEMENTS = "ChessCoach/ChessCoach-Direct.entitlements";
				CODE_SIGN_STYLE = Automatic;
				COMBINE_HIDPI_IMAGES = YES;
				DEVELOPMENT_TEAM = "";
				GENERATE_INFOPLIST_FILE = YES;
				LD_RUNPATH_SEARCH_PATHS = (
					"$(inherited)",
					"@executable_path/../Frameworks",
				);
				MACOSX_DEPLOYMENT_TARGET = 26.0;
				PRODUCT_BUNDLE_IDENTIFIER = com.chesscoach.ChessCoach;
				SDKROOT = macosx;
				SWIFT_VERSION = 6.3;
			};
			name = Debug;
		};
		94829B1585E7F59711403F4B /* Release */ = {
			isa = XCBuildConfiguration;
			buildSettings = {
				ASSETCATALOG_COMPILER_APPICON_NAME = AppIcon;
				CODE_SIGN_ENTITLEMENTS = "ChessCoach/ChessCoach-Direct.entitlements";
				CODE_SIGN_STYLE = Automatic;
				COMBINE_HIDPI_IMAGES = YES;
				DEVELOPMENT_TEAM = "";
				GENERATE_INFOPLIST_FILE = YES;
				LD_RUNPATH_SEARCH_PATHS = (
					"$(inherited)",
					"@executable_path/../Frameworks",
				);
				MACOSX_DEPLOYMENT_TARGET = 26.0;
				PRODUCT_BUNDLE_IDENTIFIER = com.chesscoach.ChessCoach;
				SDKROOT = macosx;
				SWIFT_VERSION = 6.3;
			};
			name = Release;
		};
		BB8DDA107F471F41C8F0B85F /* Release */ = {
			isa = XCBuildConfiguration;
			buildSettings = {
				BUNDLE_LOADER = "$(TEST_HOST)";
				CODE_SIGN_IDENTITY = "-";
				CODE_SIGN_STYLE = Automatic;
				COMBINE_HIDPI_IMAGES = YES;
				GENERATE_INFOPLIST_FILE = YES;
				LD_RUNPATH_SEARCH_PATHS = (
					"$(inherited)",
					"@executable_path/../Frameworks",
					"@loader_path/../Frameworks",
				);
				MACOSX_DEPLOYMENT_TARGET = 26.0;
				PRODUCT_BUNDLE_IDENTIFIER = com.chesscoach.ChessCoachTests;
				SDKROOT = macosx;
				SWIFT_VERSION = 6.3;
				TEST_HOST = "$(BUILT_PRODUCTS_DIR)/ChessCoach.app/Contents/MacOS/ChessCoach";
			};
			name = Release;
		};
		CED4852081B680954EEFEA1F /* AppStore */ = {
			isa = XCBuildConfiguration;
			buildSettings = {
				ALWAYS_SEARCH_USER_PATHS = NO;
				CLANG_ANALYZER_NONNULL = YES;
				CLANG_ANALYZER_NUMBER_OBJECT_CONVERSION = YES_AGGRESSIVE;
				CLANG_CXX_LANGUAGE_STANDARD = "gnu++14";
				CLANG_CXX_LIBRARY = "libc++";
				CLANG_ENABLE_MODULES = YES;
				CLANG_ENABLE_OBJC_ARC = YES;
				CLANG_ENABLE_OBJC_WEAK = YES;
				CLANG_WARN_BLOCK_CAPTURE_AUTORELEASING = YES;
				CLANG_WARN_BOOL_CONVERSION = YES;
				CLANG_WARN_COMMA = YES;
				CLANG_WARN_CONSTANT_CONVERSION = YES;
				CLANG_WARN_DEPRECATED_OBJC_IMPLEMENTATIONS = YES;
				CLANG_WARN_DIRECT_OBJC_ISA_USAGE = YES_ERROR;
				CLANG_WARN_DOCUMENTATION_COMMENTS = YES;
				CLANG_WARN_EMPTY_BODY = YES;
				CLANG_WARN_ENUM_CONVERSION = YES;
				CLANG_WARN_INFINITE_RECURSION = YES;
				CLANG_WARN_INT_CONVERSION = YES;
				CLANG_WARN_NON_LITERAL_NULL_CONVERSION = YES;
				CLANG_WARN_OBJC_IMPLICIT_RETAIN_SELF = YES;
				CLANG_WARN_OBJC_LITERAL_CONVERSION = YES;
				CLANG_WARN_OBJC_ROOT_CLASS = YES_ERROR;
				CLANG_WARN_QUOTED_INCLUDE_IN_FRAMEWORK_HEADER = YES;
				CLANG_WARN_RANGE_LOOP_ANALYSIS = YES;
				CLANG_WARN_STRICT_PROTOTYPES = YES;
				CLANG_WARN_SUSPICIOUS_MOVE = YES;
				CLANG_WARN_UNGUARDED_AVAILABILITY = YES_AGGRESSIVE;
				CLANG_WARN_UNREACHABLE_CODE = YES;
				CLANG_WARN__DUPLICATE_METHOD_MATCH = YES;
				COPY_PHASE_STRIP = NO;
				DEBUG_INFORMATION_FORMAT = "dwarf-with-dsym";
				ENABLE_NS_ASSERTIONS = NO;
				ENABLE_STRICT_OBJC_MSGSEND = YES;
				GCC_C_LANGUAGE_STANDARD = gnu11;
				GCC_NO_COMMON_BLOCKS = YES;
				GCC_WARN_64_TO_32_BIT_CONVERSION = YES;
				GCC_WARN_ABOUT_RETURN_TYPE = YES_ERROR;
				GCC_WARN_UNDECLARED_SELECTOR = YES;
				GCC_WARN_UNINITIALIZED_AUTOS = YES_AGGRESSIVE;
				GCC_WARN_UNUSED_FUNCTION = YES;
				GCC_WARN_UNUSED_VARIABLE = YES;
				MTL_ENABLE_DEBUG_INFO = NO;
				MTL_FAST_MATH = YES;
				PRODUCT_NAME = "$(TARGET_NAME)";
				SDKROOT = macosx;
				SWIFT_COMPILATION_MODE = wholemodule;
				SWIFT_OPTIMIZATION_LEVEL = "-O";
				SWIFT_VERSION = 5.0;
			};
			name = AppStore;
		};
		D0BA2BB1FD75C64A0752BA2B /* Debug */ = {
			isa = XCBuildConfiguration;
			buildSettings = {
				BUNDLE_LOADER = "$(TEST_HOST)";
				CODE_SIGN_IDENTITY = "-";
				CODE_SIGN_STYLE = Automatic;
				COMBINE_HIDPI_IMAGES = YES;
				GENERATE_INFOPLIST_FILE = YES;
				LD_RUNPATH_SEARCH_PATHS = (
					"$(inherited)",
					"@executable_path/../Frameworks",
					"@loader_path/../Frameworks",
				);
				MACOSX_DEPLOYMENT_TARGET = 26.0;
				PRODUCT_BUNDLE_IDENTIFIER = com.chesscoach.ChessCoachTests;
				SDKROOT = macosx;
				SWIFT_VERSION = 6.3;
				TEST_HOST = "$(BUILT_PRODUCTS_DIR)/ChessCoach.app/Contents/MacOS/ChessCoach";
			};
			name = Debug;
		};
		DAFD689016C0AA425F87450D /* Release */ = {
			isa = XCBuildConfiguration;
			buildSettings = {
				ALWAYS_SEARCH_USER_PATHS = NO;
				CLANG_ANALYZER_NONNULL = YES;
				CLANG_ANALYZER_NUMBER_OBJECT_CONVERSION = YES_AGGRESSIVE;
				CLANG_CXX_LANGUAGE_STANDARD = "gnu++14";
				CLANG_CXX_LIBRARY = "libc++";
				CLANG_ENABLE_MODULES = YES;
				CLANG_ENABLE_OBJC_ARC = YES;
				CLANG_ENABLE_OBJC_WEAK = YES;
				CLANG_WARN_BLOCK_CAPTURE_AUTORELEASING = YES;
				CLANG_WARN_BOOL_CONVERSION = YES;
				CLANG_WARN_COMMA = YES;
				CLANG_WARN_CONSTANT_CONVERSION = YES;
				CLANG_WARN_DEPRECATED_OBJC_IMPLEMENTATIONS = YES;
				CLANG_WARN_DIRECT_OBJC_ISA_USAGE = YES_ERROR;
				CLANG_WARN_DOCUMENTATION_COMMENTS = YES;
				CLANG_WARN_EMPTY_BODY = YES;
				CLANG_WARN_ENUM_CONVERSION = YES;
				CLANG_WARN_INFINITE_RECURSION = YES;
				CLANG_WARN_INT_CONVERSION = YES;
				CLANG_WARN_NON_LITERAL_NULL_CONVERSION = YES;
				CLANG_WARN_OBJC_IMPLICIT_RETAIN_SELF = YES;
				CLANG_WARN_OBJC_LITERAL_CONVERSION = YES;
				CLANG_WARN_OBJC_ROOT_CLASS = YES_ERROR;
				CLANG_WARN_QUOTED_INCLUDE_IN_FRAMEWORK_HEADER = YES;
				CLANG_WARN_RANGE_LOOP_ANALYSIS = YES;
				CLANG_WARN_STRICT_PROTOTYPES = YES;
				CLANG_WARN_SUSPICIOUS_MOVE = YES;
				CLANG_WARN_UNGUARDED_AVAILABILITY = YES_AGGRESSIVE;
				CLANG_WARN_UNREACHABLE_CODE = YES;
				CLANG_WARN__DUPLICATE_METHOD_MATCH = YES;
				COPY_PHASE_STRIP = NO;
				DEBUG_INFORMATION_FORMAT = "dwarf-with-dsym";
				ENABLE_NS_ASSERTIONS = NO;
				ENABLE_STRICT_OBJC_MSGSEND = YES;
				GCC_C_LANGUAGE_STANDARD = gnu11;
				GCC_NO_COMMON_BLOCKS = YES;
				GCC_WARN_64_TO_32_BIT_CONVERSION = YES;
				GCC_WARN_ABOUT_RETURN_TYPE = YES_ERROR;
				GCC_WARN_UNDECLARED_SELECTOR = YES;
				GCC_WARN_UNINITIALIZED_AUTOS = YES_AGGRESSIVE;
				GCC_WARN_UNUSED_FUNCTION = YES;
				GCC_WARN_UNUSED_VARIABLE = YES;
				MTL_ENABLE_DEBUG_INFO = NO;
				MTL_FAST_MATH = YES;
				PRODUCT_NAME = "$(TARGET_NAME)";
				SDKROOT = macosx;
				SWIFT_COMPILATION_MODE = wholemodule;
				SWIFT_OPTIMIZATION_LEVEL = "-O";
				SWIFT_VERSION = 5.0;
			};
			name = Release;
		};
		E05002B2A5E495D65743E75A /* AppStore */ = {
			isa = XCBuildConfiguration;
			buildSettings = {
				ASSETCATALOG_COMPILER_APPICON_NAME = AppIcon;
				CODE_SIGN_ENTITLEMENTS = ChessCoach/ChessCoach.entitlements;
				CODE_SIGN_STYLE = Automatic;
				COMBINE_HIDPI_IMAGES = YES;
				DEVELOPMENT_TEAM = "";
				GENERATE_INFOPLIST_FILE = YES;
				LD_RUNPATH_SEARCH_PATHS = (
					"$(inherited)",
					"@executable_path/../Frameworks",
				);
				MACOSX_DEPLOYMENT_TARGET = 26.0;
				PRODUCT_BUNDLE_IDENTIFIER = com.chesscoach.ChessCoach;
				SDKROOT = macosx;
				SWIFT_ACTIVE_COMPILATION_CONDITIONS = SANDBOXED;
				SWIFT_VERSION = 6.3;
			};
			name = AppStore;
		};
		FB25F3DE5444663DC92CB4A1 /* DirectDownload */ = {
			isa = XCBuildConfiguration;
			buildSettings = {
				BUNDLE_LOADER = "$(TEST_HOST)";
				CODE_SIGN_IDENTITY = "-";
				CODE_SIGN_STYLE = Automatic;
				COMBINE_HIDPI_IMAGES = YES;
				GENERATE_INFOPLIST_FILE = YES;
				LD_RUNPATH_SEARCH_PATHS = (
					"$(inherited)",
					"@executable_path/../Frameworks",
					"@loader_path/../Frameworks",
				);
				MACOSX_DEPLOYMENT_TARGET = 26.0;
				PRODUCT_BUNDLE_IDENTIFIER = com.chesscoach.ChessCoachTests;
				SDKROOT = macosx;
				SWIFT_VERSION = 6.3;
				TEST_HOST = "$(BUILT_PRODUCTS_DIR)/ChessCoach.app/Contents/MacOS/ChessCoach";
			};
			name = DirectDownload;
		};
/* End XCBuildConfiguration section */

/* Begin XCConfigurationList section */
		792EEF84F0934B699A35FA1F /* Build configuration list for PBXProject "ChessCoach" */ = {
			isa = XCConfigurationList;
			buildConfigurations = (
				CED4852081B680954EEFEA1F /* AppStore */,
				4565B4F345B8615FA3F20975 /* Debug */,
				3E5F48593A7F16731A4139E4 /* DirectDownload */,
				DAFD689016C0AA425F87450D /* Release */,
			);
			defaultConfigurationIsVisible = 0;
			defaultConfigurationName = AppStore;
		};
		8CD494B2DAB0A591B1D3D6FB /* Build configuration list for PBXNativeTarget "ChessCoachTests" */ = {
			isa = XCConfigurationList;
			buildConfigurations = (
				4753E59AC0BE3B367E0BC4AE /* AppStore */,
				D0BA2BB1FD75C64A0752BA2B /* Debug */,
				FB25F3DE5444663DC92CB4A1 /* DirectDownload */,
				BB8DDA107F471F41C8F0B85F /* Release */,
			);
			defaultConfigurationIsVisible = 0;
			defaultConfigurationName = AppStore;
		};
		B9E5EF9F12183D683BDF2504 /* Build configuration list for PBXNativeTarget "ChessCoach" */ = {
			isa = XCConfigurationList;
			buildConfigurations = (
				E05002B2A5E495D65743E75A /* AppStore */,
				545740E36FDF3D1F4F1C2A45 /* Debug */,
				0DC80073ADDE21EE60EBCFF0 /* DirectDownload */,
				94829B1585E7F59711403F4B /* Release */,
			);
			defaultConfigurationIsVisible = 0;
			defaultConfigurationName = AppStore;
		};
/* End XCConfigurationList section */

/* Begin XCRemoteSwiftPackageReference section */
		6A7DF53A13955CA410976EE0 /* XCRemoteSwiftPackageReference "ChessboardKit" */ = {
			isa = XCRemoteSwiftPackageReference;
			repositoryURL = "https://github.com/rohanrhu/ChessboardKit";
			requirement = {
				kind = upToNextMajorVersion;
				minimumVersion = 1.1.2;
			};
		};
		87A7E87783B1119BC8CE7418 /* XCRemoteSwiftPackageReference "LocalLLMClient" */ = {
			isa = XCRemoteSwiftPackageReference;
			repositoryURL = "https://github.com/tattn/LocalLLMClient";
			requirement = {
				kind = upToNextMajorVersion;
				minimumVersion = 0.5.0;
			};
		};
/* End XCRemoteSwiftPackageReference section */

/* Begin XCSwiftPackageProductDependency section */
		9FA5F592C8FD6F4A9575D198 /* ChessboardKit */ = {
			isa = XCSwiftPackageProductDependency;
			package = 6A7DF53A13955CA410976EE0 /* XCRemoteSwiftPackageReference "ChessboardKit" */;
			productName = ChessboardKit;
		};
		B5A9CA8E635593EDD3F77874 /* LocalLLMClientLlama */ = {
			isa = XCSwiftPackageProductDependency;
			package = 87A7E87783B1119BC8CE7418 /* XCRemoteSwiftPackageReference "LocalLLMClient" */;
			productName = LocalLLMClientLlama;
		};
/* End XCSwiftPackageProductDependency section */
	};
	rootObject = 124564DE0AA899BA2835163C /* Project object */;
}
